<?xml version="1.0" encoding="utf-8"?>
<Project ToolsVersion="4.0" xmlns="http://schemas.microsoft.com/developer/msbuild/2003">
  <ItemGroup>
    <ClCompile Include="..\..\src\libs\ghc\fs_std_impl.cpp" />
    <ClCompile Include="..\..\src\libs\loguru\loguru.cpp" />
    <ClCompile Include="..\..\src\libs\whereami\whereami.c" />
    <ClCompile Include="..\..\src\misc\ansi_code_markup.cpp" />
    <ClCompile Include="..\..\src\misc\cross.cpp" />
    <ClCompile Include="..\..\src\misc\fs_utils.cpp" />
    <ClCompile Include="..\..\src\misc\fs_utils_win32.cpp" />
    <ClCompile Include="..\..\src\misc\rwqueue.cpp" />
    <ClCompile Include="..\..\src\misc\setup.cpp" />
    <ClCompile Include="..\..\src\misc\string_utils.cpp" />
    <ClCompile Include="..\..\src\misc\support.cpp" />
    <ClCompile Include="..\..\src\shell\command_line.cpp" />
    <ClCompile Include="..\..\src\shell\shell_batch.cpp" />
    <ClCompile Include="..\ansi_code_markup_tests.cpp" />
    <ClCompile Include="..\bit_view_tests.cpp" />
    <ClCompile Include="..\batch_file_tests.cpp" />
    <ClCompile Include="..\bitops_tests.cpp" />
    <ClCompile Include="..\fraction_tests.cpp" />
    <ClCompile Include="..\fs_utils_tests.cpp" />
    <ClCompile Include="..\iohandler_containers_tests.cpp" />
    <ClCompile Include="..\math_utils_tests.cpp" />
    <ClCompile Include="..\rwqueue_tests.cpp" />
    <ClCompile Include="..\setup_tests.cpp" />
    <ClCompile Include="..\string_utils_tests.cpp" />
    <ClCompile Include="..\stubs.cpp" />
    <ClCompile Include="..\support_tests.cpp" />
    <ClCompile Include="..\..\src\misc\messages_stubs.cpp" />
  </ItemGroup>
  <ItemGroup>
    <None Include="..\meson.build" />
  </ItemGroup>
</Project>