<?xml version="1.0" encoding="utf-8"?>
<Project ToolsVersion="4.0" xmlns="http://schemas.microsoft.com/developer/msbuild/2003">
  <ItemGroup>
    <ClCompile Include="..\src\cpu\callback.cpp">
      <Filter>src\cpu</Filter>
    </ClCompile>
    <ClCompile Include="..\src\cpu\core_dynrec.cpp">
      <Filter>src\cpu</Filter>
    </ClCompile>
    <ClCompile Include="..\src\cpu\core_dyn_x86.cpp">
      <Filter>src\cpu</Filter>
    </ClCompile>
    <ClCompile Include="..\src\cpu\core_full.cpp">
      <Filter>src\cpu</Filter>
    </ClCompile>
    <ClCompile Include="..\src\cpu\core_normal.cpp">
      <Filter>src\cpu</Filter>
    </ClCompile>
    <ClCompile Include="..\src\cpu\core_prefetch.cpp">
      <Filter>src\cpu</Filter>
    </ClCompile>
    <ClCompile Include="..\src\cpu\core_simple.cpp">
      <Filter>src\cpu</Filter>
    </ClCompile>
    <ClCompile Include="..\src\cpu\cpu.cpp">
      <Filter>src\cpu</Filter>
    </ClCompile>
    <ClCompile Include="..\src\cpu\flags.cpp">
      <Filter>src\cpu</Filter>
    </ClCompile>
    <ClCompile Include="..\src\cpu\modrm.cpp">
      <Filter>src\cpu</Filter>
    </ClCompile>
    <ClCompile Include="..\src\cpu\paging.cpp">
      <Filter>src\cpu</Filter>
    </ClCompile>
    <ClCompile Include="..\src\debug\debug.cpp">
      <Filter>src\debug</Filter>
    </ClCompile>
    <ClCompile Include="..\src\debug\debug_disasm.cpp">
      <Filter>src\debug</Filter>
    </ClCompile>
    <ClCompile Include="..\src\debug\debug_gui.cpp">
      <Filter>src\debug</Filter>
    </ClCompile>
    <ClCompile Include="..\src\debug\debug_win32.cpp">
      <Filter>src\debug</Filter>
    </ClCompile>
    <ClCompile Include="..\src\dos\cdrom.cpp">
      <Filter>src\dos</Filter>
    </ClCompile>
    <ClCompile Include="..\src\dos\cdrom_image.cpp">
      <Filter>src\dos</Filter>
    </ClCompile>
    <ClCompile Include="..\src\dos\dos.cpp">
      <Filter>src\dos</Filter>
    </ClCompile>
    <ClCompile Include="..\src\dos\dos_classes.cpp">
      <Filter>src\dos</Filter>
    </ClCompile>
    <ClCompile Include="..\src\dos\dos_devices.cpp">
      <Filter>src\dos</Filter>
    </ClCompile>
    <ClCompile Include="..\src\dos\dos_execute.cpp">
      <Filter>src\dos</Filter>
    </ClCompile>
    <ClCompile Include="..\src\dos\dos_files.cpp">
      <Filter>src\dos</Filter>
    </ClCompile>
    <ClCompile Include="..\src\dos\dos_ioctl.cpp">
      <Filter>src\dos</Filter>
    </ClCompile>
    <ClCompile Include="..\src\dos\dos_keyboard_layout.cpp">
      <Filter>src\dos</Filter>
    </ClCompile>
    <ClCompile Include="..\src\dos\dos_memory.cpp">
      <Filter>src\dos</Filter>
    </ClCompile>
    <ClCompile Include="..\src\dos\dos_misc.cpp">
      <Filter>src\dos</Filter>
    </ClCompile>
    <ClCompile Include="..\src\dos\dos_mscdex.cpp">
      <Filter>src\dos</Filter>
    </ClCompile>
    <ClCompile Include="..\src\dos\dos_programs.cpp">
      <Filter>src\dos</Filter>
    </ClCompile>
    <ClCompile Include="..\src\dos\dos_tables.cpp">
      <Filter>src\dos</Filter>
    </ClCompile>
    <ClCompile Include="..\src\dos\drives.cpp">
      <Filter>src\dos</Filter>
    </ClCompile>
    <ClCompile Include="..\src\dos\drive_cache.cpp">
      <Filter>src\dos</Filter>
    </ClCompile>
    <ClCompile Include="..\src\dos\drive_fat.cpp">
      <Filter>src\dos</Filter>
    </ClCompile>
    <ClCompile Include="..\src\dos\drive_iso.cpp">
      <Filter>src\dos</Filter>
    </ClCompile>
    <ClCompile Include="..\src\dos\drive_local.cpp">
      <Filter>src\dos</Filter>
    </ClCompile>
    <ClCompile Include="..\src\dos\drive_overlay.cpp">
      <Filter>src\dos</Filter>
    </ClCompile>
    <ClCompile Include="..\src\dos\drive_virtual.cpp">
      <Filter>src\dos</Filter>
    </ClCompile>
    <ClCompile Include="..\src\fpu\fpu.cpp">
      <Filter>src\fpu</Filter>
    </ClCompile>
    <ClCompile Include="..\src\gui\render.cpp">
      <Filter>src\gui</Filter>
    </ClCompile>
    <ClCompile Include="..\src\gui\render_scalers.cpp">
      <Filter>src\gui</Filter>
    </ClCompile>
    <ClCompile Include="..\src\gui\sdlmain.cpp">
      <Filter>src\gui</Filter>
    </ClCompile>
    <ClCompile Include="..\src\gui\sdl_gui.cpp">
      <Filter>src\gui</Filter>
    </ClCompile>
    <ClCompile Include="..\src\gui\sdl_mapper.cpp">
      <Filter>src\gui</Filter>
    </ClCompile>
    <ClCompile Include="..\src\hardware\ide.cpp">
      <Filter>src\hardware</Filter>
    </ClCompile>
    <ClCompile Include="..\src\hardware\adlib.cpp">
      <Filter>src\hardware</Filter>
    </ClCompile>
    <ClCompile Include="..\src\hardware\cmos.cpp">
      <Filter>src\hardware</Filter>
    </ClCompile>
    <ClCompile Include="..\src\hardware\dc_silencer.cpp">
      <Filter>src\hardware</Filter>
    </ClCompile>
    <ClCompile Include="..\src\hardware\dbopl.cpp">
      <Filter>src\hardware</Filter>
    </ClCompile>
    <ClCompile Include="..\src\hardware\disney.cpp">
      <Filter>src\hardware</Filter>
    </ClCompile>
    <ClCompile Include="..\src\hardware\dma.cpp">
      <Filter>src\hardware</Filter>
    </ClCompile>
    <ClCompile Include="..\src\hardware\envelope.cpp">
      <Filter>src\hardware</Filter>
    </ClCompile>
    <ClCompile Include="..\src\hardware\gameblaster.cpp">
      <Filter>src\hardware</Filter>
    </ClCompile>
    <ClCompile Include="..\src\hardware\gus.cpp">
      <Filter>src\hardware</Filter>
    </ClCompile>
    <ClCompile Include="..\src\hardware\hardware.cpp">
      <Filter>src\hardware</Filter>
    </ClCompile>
    <ClCompile Include="..\src\hardware\innovation.cpp">
      <Filter>src\hardware</Filter>
    </ClCompile>
    <ClCompile Include="..\src\hardware\iohandler.cpp">
      <Filter>src\hardware</Filter>
    </ClCompile>
    <ClCompile Include="..\src\hardware\iohandler_containers.cpp">
      <Filter>src\hardware</Filter>
    </ClCompile>
    <ClCompile Include="..\src\hardware\ipx.cpp">
      <Filter>src\hardware</Filter>
    </ClCompile>
    <ClCompile Include="..\src\hardware\ipxserver.cpp">
      <Filter>src\hardware</Filter>
    </ClCompile>
    <ClCompile Include="..\src\hardware\joystick.cpp">
      <Filter>src\hardware</Filter>
    </ClCompile>
    <ClCompile Include="..\src\hardware\keyboard.cpp">
      <Filter>src\hardware</Filter>
    </ClCompile>
    <ClCompile Include="..\src\hardware\mame\fmopl.cpp">
      <Filter>src\hardware\mame</Filter>
    </ClCompile>
    <ClCompile Include="..\src\hardware\mame\saa1099.cpp">
      <Filter>src\hardware\mame</Filter>
    </ClCompile>
    <ClCompile Include="..\src\hardware\mame\sn76496.cpp">
      <Filter>src\hardware\mame</Filter>
    </ClCompile>
    <ClCompile Include="..\src\hardware\mame\ymdeltat.cpp">
      <Filter>src\hardware\mame</Filter>
    </ClCompile>
    <ClCompile Include="..\src\hardware\mame\ymf262.cpp">
      <Filter>src\hardware\mame</Filter>
    </ClCompile>
    <ClCompile Include="..\src\hardware\memory.cpp">
      <Filter>src\hardware</Filter>
    </ClCompile>
    <ClCompile Include="..\src\hardware\mixer.cpp">
      <Filter>src\hardware</Filter>
    </ClCompile>
    <ClCompile Include="..\src\hardware\mpu401.cpp">
      <Filter>src\hardware</Filter>
    </ClCompile>
    <ClCompile Include="..\src\hardware\pci_bus.cpp">
      <Filter>src\hardware</Filter>
    </ClCompile>
    <ClCompile Include="..\src\hardware\pcspeaker.cpp">
      <Filter>src\hardware</Filter>
    </ClCompile>
    <ClCompile Include="..\src\hardware\pic.cpp">
      <Filter>src\hardware</Filter>
    </ClCompile>
    <ClCompile Include="..\src\hardware\ps1audio.cpp">
      <Filter>src\hardware</Filter>
    </ClCompile>
    <ClCompile Include="..\src\hardware\sblaster.cpp">
      <Filter>src\hardware</Filter>
    </ClCompile>
    <ClCompile Include="..\src\hardware\serialport\directserial.cpp">
      <Filter>src\hardware\serialport</Filter>
    </ClCompile>
    <ClCompile Include="..\src\hardware\serialport\libserial.cpp">
      <Filter>src\hardware\serialport</Filter>
    </ClCompile>
    <ClCompile Include="..\src\hardware\serialport\misc_util.cpp">
      <Filter>src\hardware\serialport</Filter>
    </ClCompile>
    <ClCompile Include="..\src\hardware\serialport\nullmodem.cpp">
      <Filter>src\hardware\serialport</Filter>
    </ClCompile>
    <ClCompile Include="..\src\hardware\serialport\serialdummy.cpp">
      <Filter>src\hardware\serialport</Filter>
    </ClCompile>
    <ClCompile Include="..\src\hardware\serialport\serialport.cpp">
      <Filter>src\hardware\serialport</Filter>
    </ClCompile>
    <ClCompile Include="..\src\hardware\serialport\softmodem.cpp">
      <Filter>src\hardware\serialport</Filter>
    </ClCompile>
    <ClCompile Include="..\src\hardware\tandy_sound.cpp">
      <Filter>src\hardware</Filter>
    </ClCompile>
    <ClCompile Include="..\src\hardware\timer.cpp">
      <Filter>src\hardware</Filter>
    </ClCompile>
    <ClCompile Include="..\src\hardware\vga.cpp">
      <Filter>src\hardware</Filter>
    </ClCompile>
    <ClCompile Include="..\src\hardware\vga_attr.cpp">
      <Filter>src\hardware</Filter>
    </ClCompile>
    <ClCompile Include="..\src\hardware\vga_crtc.cpp">
      <Filter>src\hardware</Filter>
    </ClCompile>
    <ClCompile Include="..\src\hardware\vga_dac.cpp">
      <Filter>src\hardware</Filter>
    </ClCompile>
    <ClCompile Include="..\src\hardware\vga_draw.cpp">
      <Filter>src\hardware</Filter>
    </ClCompile>
    <ClCompile Include="..\src\hardware\vga_gfx.cpp">
      <Filter>src\hardware</Filter>
    </ClCompile>
    <ClCompile Include="..\src\hardware\vga_memory.cpp">
      <Filter>src\hardware</Filter>
    </ClCompile>
    <ClCompile Include="..\src\hardware\vga_misc.cpp">
      <Filter>src\hardware</Filter>
    </ClCompile>
    <ClCompile Include="..\src\hardware\vga_other.cpp">
      <Filter>src\hardware</Filter>
    </ClCompile>
    <ClCompile Include="..\src\hardware\vga_paradise.cpp">
      <Filter>src\hardware</Filter>
    </ClCompile>
    <ClCompile Include="..\src\hardware\vga_s3.cpp">
      <Filter>src\hardware</Filter>
    </ClCompile>
    <ClCompile Include="..\src\hardware\vga_seq.cpp">
      <Filter>src\hardware</Filter>
    </ClCompile>
    <ClCompile Include="..\src\hardware\vga_tseng.cpp">
      <Filter>src\hardware</Filter>
    </ClCompile>
    <ClCompile Include="..\src\hardware\vga_xga.cpp">
      <Filter>src\hardware</Filter>
    </ClCompile>
    <ClCompile Include="..\src\ints\bios.cpp">
      <Filter>src\ints</Filter>
    </ClCompile>
    <ClCompile Include="..\src\ints\bios_disk.cpp">
      <Filter>src\ints</Filter>
    </ClCompile>
    <ClCompile Include="..\src\ints\bios_keyboard.cpp">
      <Filter>src\ints</Filter>
    </ClCompile>
    <ClCompile Include="..\src\ints\ems.cpp">
      <Filter>src\ints</Filter>
    </ClCompile>
    <ClCompile Include="..\src\ints\int10.cpp">
      <Filter>src\ints</Filter>
    </ClCompile>
    <ClCompile Include="..\src\ints\int10_char.cpp">
      <Filter>src\ints</Filter>
    </ClCompile>
    <ClCompile Include="..\src\ints\int10_memory.cpp">
      <Filter>src\ints</Filter>
    </ClCompile>
    <ClCompile Include="..\src\ints\int10_misc.cpp">
      <Filter>src\ints</Filter>
    </ClCompile>
    <ClCompile Include="..\src\ints\int10_modes.cpp">
      <Filter>src\ints</Filter>
    </ClCompile>
    <ClCompile Include="..\src\ints\int10_pal.cpp">
      <Filter>src\ints</Filter>
    </ClCompile>
    <ClCompile Include="..\src\ints\int10_put_pixel.cpp">
      <Filter>src\ints</Filter>
    </ClCompile>
    <ClCompile Include="..\src\ints\int10_vesa.cpp">
      <Filter>src\ints</Filter>
    </ClCompile>
    <ClCompile Include="..\src\ints\int10_video_state.cpp">
      <Filter>src\ints</Filter>
    </ClCompile>
    <ClCompile Include="..\src\ints\int10_vptable.cpp">
      <Filter>src\ints</Filter>
    </ClCompile>
    <ClCompile Include="..\src\ints\mouse.cpp">
      <Filter>src\ints</Filter>
    </ClCompile>
    <ClCompile Include="..\src\ints\xms.cpp">
      <Filter>src\ints</Filter>
    </ClCompile>
    <ClCompile Include="..\src\libs\gui_tk\gui_tk.cpp">
      <Filter>src\libs\gui_tk</Filter>
    </ClCompile>
    <ClCompile Include="..\src\libs\decoders\flac.c">
      <Filter>src\libs\decoders</Filter>
    </ClCompile>
    <ClCompile Include="..\src\libs\decoders\mp3.cpp">
      <Filter>src\libs\decoders</Filter>
    </ClCompile>
    <ClCompile Include="..\src\libs\decoders\mp3_seek_table.cpp">
      <Filter>src\libs\decoders</Filter>
    </ClCompile>
    <ClCompile Include="..\src\libs\decoders\opus.cpp">
      <Filter>src\libs\decoders</Filter>
    </ClCompile>
    <ClCompile Include="..\src\libs\decoders\SDL_sound.c">
      <Filter>src\libs\decoders</Filter>
    </ClCompile>
    <ClCompile Include="..\src\libs\decoders\vorbis.c">
      <Filter>src\libs\decoders</Filter>
    </ClCompile>
    <ClCompile Include="..\src\libs\decoders\wav.c">
      <Filter>src\libs\decoders</Filter>
    </ClCompile>
    <ClCompile Include="..\src\libs\nuked\opl3.c">
      <Filter>src\libs\nuked</Filter>
    </ClCompile>
    <ClCompile Include="..\src\libs\ppscale\ppscale.c">
      <Filter>src\libs\ppscale</Filter>
    </ClCompile>
    <ClCompile Include="..\src\misc\cross.cpp">
      <Filter>src\misc</Filter>
    </ClCompile>
    <ClCompile Include="..\src\misc\ethernet.cpp">
      <Filter>src\misc</Filter>
    </ClCompile>
    <ClCompile Include="..\src\misc\ethernet_slirp.cpp">
      <Filter>src\misc</Filter>
    </ClCompile>
    <ClCompile Include="..\src\misc\messages.cpp">
      <Filter>src\misc</Filter>
    </ClCompile>
    <ClCompile Include="..\src\misc\programs.cpp">
      <Filter>src\misc</Filter>
    </ClCompile>
    <ClCompile Include="..\src\misc\rwqueue.cpp">
      <Filter>src\misc</Filter>
    </ClCompile>
    <ClCompile Include="..\src\misc\setup.cpp">
      <Filter>src\misc</Filter>
    </ClCompile>
    <ClCompile Include="..\src\misc\soft_limiter.cpp">
      <Filter>src\misc</Filter>
    </ClCompile>
    <ClCompile Include="..\src\misc\support.cpp">
      <Filter>src\misc</Filter>
    </ClCompile>
    <ClCompile Include="..\src\shell\shell.cpp">
      <Filter>src\shell</Filter>
    </ClCompile>
    <ClCompile Include="..\src\shell\shell_batch.cpp">
      <Filter>src\shell</Filter>
    </ClCompile>
    <ClCompile Include="..\src\shell\shell_cmds.cpp">
      <Filter>src\shell</Filter>
    </ClCompile>
    <ClCompile Include="..\src\shell\shell_misc.cpp">
      <Filter>src\shell</Filter>
    </ClCompile>
    <ClCompile Include="..\src\dosbox.cpp">
      <Filter>src</Filter>
    </ClCompile>
    <ClCompile Include="..\src\midi\midi.cpp">
      <Filter>src\midi</Filter>
    </ClCompile>
    <ClCompile Include="..\src\dos\program_autotype.cpp">
      <Filter>src\dos</Filter>
    </ClCompile>
    <ClCompile Include="..\src\midi\midi_fluidsynth.cpp">
      <Filter>src\midi</Filter>
    </ClCompile>
    <ClCompile Include="..\src\midi\midi_lasynth_model.cpp">
      <Filter>src\midi</Filter>
    </ClCompile>
    <ClCompile Include="..\src\midi\midi_mt32.cpp">
      <Filter>src\midi</Filter>
    </ClCompile>
    <ClCompile Include="..\src\dos\program_choice.cpp">
      <Filter>src\dos</Filter>
    </ClCompile>
    <ClCompile Include="..\src\dos\program_help.cpp">
      <Filter>src\dos</Filter>
    </ClCompile>
    <ClCompile Include="..\src\dos\program_ls.cpp">
      <Filter>src\dos</Filter>
    </ClCompile>
    <ClCompile Include="..\src\dos\program_placeholder.cpp">
      <Filter>src\dos</Filter>
    </ClCompile>
    <ClCompile Include="..\src\misc\fs_utils_win32.cpp">
      <Filter>src\misc</Filter>
    </ClCompile>
    <ClCompile Include="..\src\main.cpp">
      <Filter>src</Filter>
    </ClCompile>
    <ClCompile Include="..\src\platform\visualc\version.cpp">
      <Filter>src\platform\visualc</Filter>
    </ClCompile>
    <ClCompile Include="..\src\libs\residfp\Dac.cpp">
      <Filter>src\libs\residfp</Filter>
    </ClCompile>
    <ClCompile Include="..\src\libs\residfp\EnvelopeGenerator.cpp">
      <Filter>src\libs\residfp</Filter>
    </ClCompile>
    <ClCompile Include="..\src\libs\residfp\ExternalFilter.cpp">
      <Filter>src\libs\residfp</Filter>
    </ClCompile>
    <ClCompile Include="..\src\libs\residfp\Filter.cpp">
      <Filter>src\libs\residfp</Filter>
    </ClCompile>
    <ClCompile Include="..\src\libs\residfp\Filter6581.cpp">
      <Filter>src\libs\residfp</Filter>
    </ClCompile>
    <ClCompile Include="..\src\libs\residfp\Filter8580.cpp">
      <Filter>src\libs\residfp</Filter>
    </ClCompile>
    <ClCompile Include="..\src\libs\residfp\FilterModelConfig6581.cpp">
      <Filter>src\libs\residfp</Filter>
    </ClCompile>
    <ClCompile Include="..\src\libs\residfp\FilterModelConfig8580.cpp">
      <Filter>src\libs\residfp</Filter>
    </ClCompile>
    <ClCompile Include="..\src\libs\residfp\Integrator6581.cpp">
      <Filter>src\libs\residfp</Filter>
    </ClCompile>
    <ClCompile Include="..\src\libs\residfp\Integrator8580.cpp">
      <Filter>src\libs\residfp</Filter>
    </ClCompile>
    <ClCompile Include="..\src\libs\residfp\OpAmp.cpp">
      <Filter>src\libs\residfp</Filter>
    </ClCompile>
    <ClCompile Include="..\src\libs\residfp\SID.cpp">
      <Filter>src\libs\residfp</Filter>
    </ClCompile>
    <ClCompile Include="..\src\libs\residfp\resample/SincResampler.cpp">
      <Filter>src\libs\residfp</Filter>
    </ClCompile>
    <ClCompile Include="..\src\libs\residfp\Spline.cpp">
      <Filter>src\libs\residfp</Filter>
    </ClCompile>
    <ClCompile Include="..\src\libs\residfp\WaveformCalculator.cpp">
      <Filter>src\libs\residfp</Filter>
    </ClCompile>
    <ClCompile Include="..\src\libs\residfp\WaveformGenerator.cpp">
      <Filter>src\libs\residfp</Filter>
    </ClCompile>
    <ClCompile Include="..\src\misc\pacer.cpp">
      <Filter>src\misc</Filter>
    </ClCompile>
    <ClCompile Include="..\src\dos\program_biostest.cpp">
      <Filter>src\dos</Filter>
    </ClCompile>
    <ClCompile Include="..\src\dos\program_boot.cpp">
      <Filter>src\dos</Filter>
    </ClCompile>
    <ClCompile Include="..\src\dos\program_imgmount.cpp">
      <Filter>src\dos</Filter>
    </ClCompile>
    <ClCompile Include="..\src\dos\program_intro.cpp">
      <Filter>src\dos</Filter>
    </ClCompile>
    <ClCompile Include="..\src\dos\program_keyb.cpp">
      <Filter>src\dos</Filter>
    </ClCompile>
    <ClCompile Include="..\src\dos\program_loadfix.cpp">
      <Filter>src\dos</Filter>
    </ClCompile>
    <ClCompile Include="..\src\dos\program_loadrom.cpp">
      <Filter>src\dos</Filter>
    </ClCompile>
    <ClCompile Include="..\src\dos\program_mem.cpp">
      <Filter>src\dos</Filter>
    </ClCompile>
    <ClCompile Include="..\src\dos\program_mount.cpp">
      <Filter>src\dos</Filter>
    </ClCompile>
    <ClCompile Include="..\src\dos\program_mount_common.cpp">
      <Filter>src\dos</Filter>
    </ClCompile>
    <ClCompile Include="..\src\dos\program_rescan.cpp">
      <Filter>src\dos</Filter>
    </ClCompile>
    <ClCompile Include="..\src\dos\program_serial.cpp">
      <Filter>src\dos</Filter>
    </ClCompile>
    <ClCompile Include="..\src\libs\loguru\loguru.cpp">
      <Filter>src\libs\loguru</Filter>
    </ClCompile>
    <ClCompile Include="..\src\libs\whereami\whereami.c">
      <Filter>src\libs\whereami</Filter>
    </ClCompile>
    <ClCompile Include="..\src\libs\ghc\fs_std_impl.cpp" />
      <Filter>src\libs\ghc</Filter>
    <ClCompile Include="..\src\misc\ansi_code_markup.cpp">
      <Filter>src\misc</Filter>
    </ClCompile>
  </ItemGroup>
  <ItemGroup>
    <ClInclude Include="..\include\bios.h">
      <Filter>include</Filter>
    </ClInclude>
    <ClInclude Include="..\include\bios_disk.h">
      <Filter>include</Filter>
    </ClInclude>
    <ClInclude Include="..\include\byteorder.h">
      <Filter>include</Filter>
    </ClInclude>
    <ClInclude Include="..\include\callback.h">
      <Filter>include</Filter>
    </ClInclude>
    <ClInclude Include="..\include\control.h">
      <Filter>include</Filter>
    </ClInclude>
    <ClInclude Include="..\include\cpu.h">
      <Filter>include</Filter>
    </ClInclude>
    <ClInclude Include="..\include\cross.h">
      <Filter>include</Filter>
    </ClInclude>
    <ClInclude Include="..\include\debug.h">
      <Filter>include</Filter>
    </ClInclude>
    <ClInclude Include="..\include\dma.h">
      <Filter>include</Filter>
    </ClInclude>
    <ClInclude Include="..\include\dosbox.h">
      <Filter>include</Filter>
    </ClInclude>
    <ClInclude Include="..\include\dos_inc.h">
      <Filter>include</Filter>
    </ClInclude>
    <ClInclude Include="..\include\dos_system.h">
      <Filter>include</Filter>
    </ClInclude>
    <ClInclude Include="..\include\drives.h">
      <Filter>include</Filter>
    </ClInclude>
    <ClInclude Include="..\include\envelope.h">
      <Filter>include</Filter>
    </ClInclude>
    <ClInclude Include="..\include\fpu.h">
      <Filter>include</Filter>
    </ClInclude>
    <ClInclude Include="..\include\hardware.h">
      <Filter>include</Filter>
    </ClInclude>
    <ClInclude Include="..\include\inout.h">
      <Filter>include</Filter>
    </ClInclude>
    <ClInclude Include="..\include\joystick.h">
      <Filter>include</Filter>
    </ClInclude>
    <ClInclude Include="..\include\keyboard.h">
      <Filter>include</Filter>
    </ClInclude>
    <ClInclude Include="..\include\logging.h">
      <Filter>include</Filter>
    </ClInclude>
    <ClInclude Include="..\include\mem.h">
      <Filter>include</Filter>
    </ClInclude>
    <ClInclude Include="..\include\mem_host.h">
      <Filter>include</Filter>
    </ClInclude>
    <ClInclude Include="..\include\mem_unaligned.h">
      <Filter>include</Filter>
    </ClInclude>
    <ClInclude Include="..\include\midi.h">
      <Filter>include</Filter>
    </ClInclude>
    <ClInclude Include="..\include\mixer.h">
      <Filter>include</Filter>
    </ClInclude>
    <ClInclude Include="..\include\mouse.h">
      <Filter>include</Filter>
    </ClInclude>
    <ClInclude Include="..\include\paging.h">
      <Filter>include</Filter>
    </ClInclude>
    <ClInclude Include="..\include\pci_bus.h">
      <Filter>include</Filter>
    </ClInclude>
    <ClInclude Include="..\include\pic.h">
      <Filter>include</Filter>
    </ClInclude>
    <ClInclude Include="..\include\programs.h">
      <Filter>include</Filter>
    </ClInclude>
    <ClInclude Include="..\include\regs.h">
      <Filter>include</Filter>
    </ClInclude>
    <ClInclude Include="..\include\render.h">
      <Filter>include</Filter>
    </ClInclude>
    <ClInclude Include="..\include\rwqueue.h">
      <Filter>include</Filter>
    </ClInclude>
    <ClInclude Include="..\include\serialport.h">
      <Filter>include</Filter>
    </ClInclude>
    <ClInclude Include="..\include\setup.h">
      <Filter>include</Filter>
    </ClInclude>
    <ClInclude Include="..\include\shell.h">
      <Filter>include</Filter>
    </ClInclude>
    <ClInclude Include="..\include\soft_limiter.h">
      <Filter>include</Filter>
    </ClInclude>
    <ClInclude Include="..\include\support.h">
      <Filter>include</Filter>
    </ClInclude>
    <ClInclude Include="..\include\timer.h">
      <Filter>include</Filter>
    </ClInclude>
    <ClInclude Include="..\include\vga.h">
      <Filter>include</Filter>
    </ClInclude>
    <ClInclude Include="..\include\video.h">
      <Filter>include</Filter>
    </ClInclude>
    <ClInclude Include="..\src\cpu\core_dynrec\decoder.h">
      <Filter>src\cpu\core_dynrec</Filter>
    </ClInclude>
    <ClInclude Include="..\src\cpu\core_dynrec\decoder_basic.h">
      <Filter>src\cpu\core_dynrec</Filter>
    </ClInclude>
    <ClInclude Include="..\src\cpu\core_dynrec\decoder_opcodes.h">
      <Filter>src\cpu\core_dynrec</Filter>
    </ClInclude>
    <ClInclude Include="..\src\cpu\core_dynrec\dyn_fpu.h">
      <Filter>src\cpu\core_dynrec</Filter>
    </ClInclude>
    <ClInclude Include="..\src\cpu\core_dynrec\operators.h">
      <Filter>src\cpu\core_dynrec</Filter>
    </ClInclude>
    <ClInclude Include="..\src\cpu\core_dynrec\risc_x64.h">
      <Filter>src\cpu\core_dynrec</Filter>
    </ClInclude>
    <ClInclude Include="..\src\cpu\core_dynrec\risc_x86.h">
      <Filter>src\cpu\core_dynrec</Filter>
    </ClInclude>
    <ClInclude Include="..\src\cpu\core_dyn_x86\decoder.h">
      <Filter>src\cpu\core_dyn_x86</Filter>
    </ClInclude>
    <ClInclude Include="..\src\cpu\core_dyn_x86\dyn_fpu.h">
      <Filter>src\cpu\core_dyn_x86</Filter>
    </ClInclude>
    <ClInclude Include="..\src\cpu\core_dyn_x86\dyn_fpu_dh.h">
      <Filter>src\cpu\core_dyn_x86</Filter>
    </ClInclude>
    <ClInclude Include="..\src\cpu\core_dyn_x86\helpers.h">
      <Filter>src\cpu\core_dyn_x86</Filter>
    </ClInclude>
    <ClInclude Include="..\src\cpu\core_dyn_x86\risc_x86.h">
      <Filter>src\cpu\core_dyn_x86</Filter>
    </ClInclude>
    <ClInclude Include="..\src\cpu\core_dyn_x86\string.h">
      <Filter>src\cpu\core_dyn_x86</Filter>
    </ClInclude>
    <ClInclude Include="..\src\cpu\core_full\ea_lookup.h">
      <Filter>src\cpu\core_full</Filter>
    </ClInclude>
    <ClInclude Include="..\src\cpu\core_full\load.h">
      <Filter>src\cpu\core_full</Filter>
    </ClInclude>
    <ClInclude Include="..\src\cpu\core_full\loadwrite.h">
      <Filter>src\cpu\core_full</Filter>
    </ClInclude>
    <ClInclude Include="..\src\cpu\core_full\op.h">
      <Filter>src\cpu\core_full</Filter>
    </ClInclude>
    <ClInclude Include="..\src\cpu\core_full\optable.h">
      <Filter>src\cpu\core_full</Filter>
    </ClInclude>
    <ClInclude Include="..\src\cpu\core_full\save.h">
      <Filter>src\cpu\core_full</Filter>
    </ClInclude>
    <ClInclude Include="..\src\cpu\core_full\string.h">
      <Filter>src\cpu\core_full</Filter>
    </ClInclude>
    <ClInclude Include="..\src\cpu\core_full\support.h">
      <Filter>src\cpu\core_full</Filter>
    </ClInclude>
    <ClInclude Include="..\src\cpu\core_normal\helpers.h">
      <Filter>src\cpu\core_normal</Filter>
    </ClInclude>
    <ClInclude Include="..\src\cpu\core_normal\prefix_0f.h">
      <Filter>src\cpu\core_normal</Filter>
    </ClInclude>
    <ClInclude Include="..\src\cpu\core_normal\prefix_66.h">
      <Filter>src\cpu\core_normal</Filter>
    </ClInclude>
    <ClInclude Include="..\src\cpu\core_normal\prefix_66_0f.h">
      <Filter>src\cpu\core_normal</Filter>
    </ClInclude>
    <ClInclude Include="..\src\cpu\core_normal\prefix_none.h">
      <Filter>src\cpu\core_normal</Filter>
    </ClInclude>
    <ClInclude Include="..\src\cpu\core_normal\string.h">
      <Filter>src\cpu\core_normal</Filter>
    </ClInclude>
    <ClInclude Include="..\src\cpu\core_normal\support.h">
      <Filter>src\cpu\core_normal</Filter>
    </ClInclude>
    <ClInclude Include="..\src\cpu\core_normal\table_ea.h">
      <Filter>src\cpu\core_normal</Filter>
    </ClInclude>
    <ClInclude Include="..\src\cpu\dyn_cache.h">
      <Filter>src\cpu</Filter>
    </ClInclude>
    <ClInclude Include="..\src\cpu\instructions.h">
      <Filter>src\cpu</Filter>
    </ClInclude>
    <ClInclude Include="..\src\cpu\lazyflags.h">
      <Filter>src\cpu</Filter>
    </ClInclude>
    <ClInclude Include="..\src\cpu\modrm.h">
      <Filter>src\cpu</Filter>
    </ClInclude>
    <ClInclude Include="..\src\debug\debug_inc.h">
      <Filter>src\debug</Filter>
    </ClInclude>
    <ClInclude Include="..\src\dos\cdrom.h">
      <Filter>src\dos</Filter>
    </ClInclude>
    <ClInclude Include="..\src\dos\dev_con.h">
      <Filter>src\dos</Filter>
    </ClInclude>
    <ClInclude Include="..\src\dos\dos_mscdex.h">
      <Filter>src\dos</Filter>
    </ClInclude>
    <ClInclude Include="..\src\fpu\fpu_instructions.h">
      <Filter>src\fpu</Filter>
    </ClInclude>
    <ClInclude Include="..\src\fpu\fpu_instructions_x86.h">
      <Filter>src\fpu</Filter>
    </ClInclude>
    <ClInclude Include="..\src\gui\render_scalers.h">
      <Filter>src\gui</Filter>
    </ClInclude>
    <ClInclude Include="..\src\gui\render_templates.h">
      <Filter>src\gui</Filter>
    </ClInclude>
    <ClInclude Include="..\src\hardware\font-switch.h">
      <Filter>src\hardware</Filter>
    </ClInclude>
    <ClInclude Include="..\src\hardware\mame\emu.h">
      <Filter>src\hardware\mame</Filter>
    </ClInclude>
    <ClInclude Include="..\src\hardware\mame\fmopl.h">
      <Filter>src\hardware\mame</Filter>
    </ClInclude>
    <ClInclude Include="..\src\hardware\mame\saa1099.h">
      <Filter>src\hardware\mame</Filter>
    </ClInclude>
    <ClInclude Include="..\src\hardware\mame\sn76496.h">
      <Filter>src\hardware\mame</Filter>
    </ClInclude>
    <ClInclude Include="..\src\hardware\mame\ymdeltat.h">
      <Filter>src\hardware\mame</Filter>
    </ClInclude>
    <ClInclude Include="..\src\hardware\mame\ymf262.h">
      <Filter>src\hardware\mame</Filter>
    </ClInclude>
    <ClInclude Include="..\src\hardware\serialport\directserial.h">
      <Filter>src\hardware\serialport</Filter>
    </ClInclude>
    <ClInclude Include="..\src\hardware\serialport\libserial.h">
      <Filter>src\hardware\serialport</Filter>
    </ClInclude>
    <ClInclude Include="..\src\hardware\serialport\misc_util.h">
      <Filter>src\hardware\serialport</Filter>
    </ClInclude>
    <ClInclude Include="..\src\hardware\serialport\nullmodem.h">
      <Filter>src\hardware\serialport</Filter>
    </ClInclude>
    <ClInclude Include="..\src\hardware\serialport\serialdummy.h">
      <Filter>src\hardware\serialport</Filter>
    </ClInclude>
    <ClInclude Include="..\src\hardware\serialport\softmodem.h">
      <Filter>src\hardware\serialport</Filter>
    </ClInclude>
    <ClInclude Include="..\src\ints\int10.h">
      <Filter>src\ints</Filter>
    </ClInclude>
    <ClInclude Include="..\src\ints\xms.h">
      <Filter>src\ints</Filter>
    </ClInclude>
    <ClInclude Include="..\src\libs\decoders\archive.h">
      <Filter>src\libs\decoders</Filter>
    </ClInclude>
    <ClInclude Include="..\src\libs\decoders\dr_flac.h">
      <Filter>src\libs\decoders</Filter>
    </ClInclude>
    <ClInclude Include="..\src\libs\decoders\dr_mp3.h">
      <Filter>src\libs\decoders</Filter>
    </ClInclude>
    <ClInclude Include="..\src\libs\decoders\dr_wav.h">
      <Filter>src\libs\decoders</Filter>
    </ClInclude>
    <ClInclude Include="..\src\libs\decoders\mp3_seek_table.h">
      <Filter>src\libs\decoders</Filter>
    </ClInclude>
    <ClInclude Include="..\src\libs\decoders\SDL_sound.h">
      <Filter>src\libs\decoders</Filter>
    </ClInclude>
    <ClInclude Include="..\src\libs\decoders\SDL_sound_internal.h">
      <Filter>src\libs\decoders</Filter>
    </ClInclude>
    <ClInclude Include="..\src\libs\decoders\stb.h">
      <Filter>src\libs\decoders</Filter>
    </ClInclude>
    <ClInclude Include="..\src\libs\decoders\stb_vorbis.h">
      <Filter>src\libs\decoders</Filter>
    </ClInclude>
    <ClInclude Include="..\src\libs\decoders\xxhash.h">
      <Filter>src\libs\decoders</Filter>
    </ClInclude>
    <ClInclude Include="..\src\libs\nuked\opl3.h">
      <Filter>src\libs\nuked</Filter>
    </ClInclude>
    <ClInclude Include="..\src\libs\ppscale\ppscale.h">
      <Filter>src\libs\ppscale</Filter>
    </ClInclude>
    <ClInclude Include="..\src\platform\visualc\config.h">
      <Filter>src\platform\visualc</Filter>
    </ClInclude>
    <ClInclude Include="..\src\platform\visualc\unistd.h">
      <Filter>src\platform\visualc</Filter>
    </ClInclude>
    <ClInclude Include="..\src\midi\midi_win32.h">
      <Filter>src\midi</Filter>
    </ClInclude>
    <ClInclude Include="..\src\dos\program_autotype.h">
      <Filter>src\dos</Filter>
    </ClInclude>
    <ClInclude Include="..\src\midi\midi_fluidsynth.h">
      <Filter>src\midi</Filter>
    </ClInclude>
    <ClInclude Include="..\src\midi\midi_lasynth_model.h">
      <Filter>src\midi</Filter>
    </ClInclude>
    <ClInclude Include="..\src\midi\midi_mt32.h">
      <Filter>src\midi</Filter>
    </ClInclude>
    <ClInclude Include="..\src\midi\midi_handler.h">
      <Filter>src\midi</Filter>
    </ClInclude>
    <ClInclude Include="..\include\compiler.h">
      <Filter>include</Filter>
    </ClInclude>
    <ClInclude Include="..\include\fs_utils.h">
      <Filter>include</Filter>
    </ClInclude>
    <ClInclude Include="..\include\string_utils.h">
      <Filter>include</Filter>
    </ClInclude>
    <ClInclude Include="..\src\dos\program_ls.h">
      <Filter>src\dos</Filter>
    </ClInclude>
    <ClInclude Include="..\src\gui\gui_msgs.h">
      <Filter>src\gui</Filter>
    </ClInclude>
    <ClInclude Include="..\src\gui\render_crt_glsl.h">
      <Filter>src\gui</Filter>
    </ClInclude>
    <ClInclude Include="..\src\gui\render_glsl.h">
      <Filter>src\gui</Filter>
    </ClInclude>
    <ClInclude Include="..\src\libs\residfp\array.h">
      <Filter>src\libs\residfp</Filter>
    </ClInclude>
    <ClInclude Include="..\src\libs\residfp\Dac.h">
      <Filter>src\libs\residfp</Filter>
    </ClInclude>
    <ClInclude Include="..\src\libs\residfp\EnvelopeGenerator.h">
      <Filter>src\libs\residfp</Filter>
    </ClInclude>
    <ClInclude Include="..\src\libs\residfp\ExternalFilter.h">
      <Filter>src\libs\residfp</Filter>
    </ClInclude>
    <ClInclude Include="..\src\libs\residfp\Filter.h">
      <Filter>src\libs\residfp</Filter>
    </ClInclude>
    <ClInclude Include="..\src\libs\residfp\Filter6581.h">
      <Filter>src\libs\residfp</Filter>
    </ClInclude>
    <ClInclude Include="..\src\libs\residfp\Filter8580.h">
      <Filter>src\libs\residfp</Filter>
    </ClInclude>
    <ClInclude Include="..\src\libs\residfp\FilterModelConfig6581.h">
      <Filter>src\libs\residfp</Filter>
    </ClInclude>
    <ClInclude Include="..\src\libs\residfp\FilterModelConfig8580.h">
      <Filter>src\libs\residfp</Filter>
    </ClInclude>
    <ClInclude Include="..\src\libs\residfp\Integrator6581.h">
      <Filter>src\libs\residfp</Filter>
    </ClInclude>
    <ClInclude Include="..\src\libs\residfp\Integrator8580.h">
      <Filter>src\libs\residfp</Filter>
    </ClInclude>
    <ClInclude Include="..\src\libs\residfp\OpAmp.h">
      <Filter>src\libs\residfp</Filter>
    </ClInclude>
    <ClInclude Include="..\src\libs\residfp\Potentiometer.h">
      <Filter>src\libs\residfp</Filter>
    </ClInclude>
    <ClInclude Include="..\src\libs\residfp\SID.h">
      <Filter>src\libs\residfp</Filter>
    </ClInclude>
    <ClInclude Include="..\src\libs\residfp\siddefs-fp.h">
      <Filter>src\libs\residfp</Filter>
    </ClInclude>
    <ClInclude Include="..\src\libs\residfp\Spline.h">
      <Filter>src\libs\residfp</Filter>
    </ClInclude>
    <ClInclude Include="..\src\libs\residfp\Voice.h">
      <Filter>src\libs\residfp</Filter>
    </ClInclude>
    <ClInclude Include="..\src\libs\residfp\WaveformCalculator.h">
      <Filter>src\libs\residfp</Filter>
    </ClInclude>
    <ClInclude Include="..\src\libs\residfp\WaveformGenerator.h">
      <Filter>src\libs\residfp</Filter>
    </ClInclude>
    <ClInclude Include="..\src\cpu\core_dyn_x86\risc_x64.h">
      <Filter>src\cpu\core_dyn_x86</Filter>
    </ClInclude>
    <ClInclude Include="..\src\dos\program_serial.h">
      <Filter>src\dos</Filter>
    </ClInclude>
    <ClInclude Include="..\src\libs\loguru\loguru.hpp">
      <Filter>src\libs\loguru</Filter>
    </ClInclude>
    <ClInclude Include="..\src\libs\whereami\whereami.h">
      <Filter>src\libs\whereami</Filter>
    </ClInclude>
    <ClInclude Include="..\include\ansi_code_markup.h">
      <Filter>include</Filter>
    </ClInclude>
  </ItemGroup>
  <ItemGroup>
    <ResourceCompile Include="..\src\winres.rc">
      <Filter>resources</Filter>
    </ResourceCompile>
  </ItemGroup>
  <ItemGroup>
    <Image Include="..\src\dosbox.ico">
      <Filter>resources</Filter>
    </Image>
  </ItemGroup>
  <ItemGroup>
    <Filter Include="include">
      <UniqueIdentifier>{c7921c1b-004c-4bee-8a5e-dc9de509ed0a}</UniqueIdentifier>
    </Filter>
    <Filter Include="resources">
      <UniqueIdentifier>{d5287130-4e25-4ce5-a662-3d0da75b4090}</UniqueIdentifier>
    </Filter>
    <Filter Include="src">
      <UniqueIdentifier>{076f6c33-0103-4281-b437-111cd14a0c23}</UniqueIdentifier>
    </Filter>
    <Filter Include="src\cpu">
      <UniqueIdentifier>{034c69b6-a49d-4c92-b15c-9939085f12d7}</UniqueIdentifier>
    </Filter>
    <Filter Include="src\cpu\core_dyn_x86">
      <UniqueIdentifier>{b8663a77-a0be-4cbc-b8a7-2f9454f9dd32}</UniqueIdentifier>
    </Filter>
    <Filter Include="src\cpu\core_dynrec">
      <UniqueIdentifier>{1dd94944-fc71-47e8-8ce7-4168a5844476}</UniqueIdentifier>
    </Filter>
    <Filter Include="src\cpu\core_full">
      <UniqueIdentifier>{8631bf88-d7d2-4605-9b35-5cc469960dc3}</UniqueIdentifier>
    </Filter>
    <Filter Include="src\cpu\core_normal">
      <UniqueIdentifier>{88eed6e4-fa13-4175-91c0-b2698c7ed72c}</UniqueIdentifier>
    </Filter>
    <Filter Include="src\debug">
      <UniqueIdentifier>{3865edac-92c1-4fcb-b21c-aba8b988fd3a}</UniqueIdentifier>
    </Filter>
    <Filter Include="src\dos">
      <UniqueIdentifier>{b196caf9-aabb-4021-bf52-5c27833fe329}</UniqueIdentifier>
    </Filter>
    <Filter Include="src\fpu">
      <UniqueIdentifier>{19f3e903-f493-4e90-8117-5f43b8a8a337}</UniqueIdentifier>
    </Filter>
    <Filter Include="src\gui">
      <UniqueIdentifier>{14609c5c-259e-4da9-9615-0616500bad35}</UniqueIdentifier>
    </Filter>
    <Filter Include="src\hardware">
      <UniqueIdentifier>{075d87f5-0708-414a-a8c0-4284e1744cb0}</UniqueIdentifier>
    </Filter>
    <Filter Include="src\hardware\mame">
      <UniqueIdentifier>{375a1299-bfa1-4e28-ae0f-7769b8b1653b}</UniqueIdentifier>
    </Filter>
    <Filter Include="src\hardware\serialport">
      <UniqueIdentifier>{5130c0ee-83d9-4e35-b61e-fb189d1e1b31}</UniqueIdentifier>
    </Filter>
    <Filter Include="src\ints">
      <UniqueIdentifier>{35d85ae9-4456-4739-b10b-92b567bcf470}</UniqueIdentifier>
    </Filter>
    <Filter Include="src\libs">
      <UniqueIdentifier>{0dd0e2e6-f72d-4847-bc5a-bf41bcea4171}</UniqueIdentifier>
    </Filter>
    <Filter Include="src\libs\decoders">
      <UniqueIdentifier>{d49f3a50-e4ed-4da7-a530-eeefef580e9b}</UniqueIdentifier>
    </Filter>
    <Filter Include="src\libs\gui_tk">
      <UniqueIdentifier>{c1d4aca1-2ddd-4dc2-ba93-8b2279ef4d30}</UniqueIdentifier>
    </Filter>
    <Filter Include="src\libs\nuked">
      <UniqueIdentifier>{69d13cb3-0db7-4e3c-92a0-c2b1a79b5b63}</UniqueIdentifier>
    </Filter>
    <Filter Include="src\libs\ppscale">
      <UniqueIdentifier>{63f12ee0-e983-404f-bbd2-5b6cd633a0af}</UniqueIdentifier>
    </Filter>
    <Filter Include="src\misc">
      <UniqueIdentifier>{cf5cb904-4d22-4482-8dfa-ab37306b91c8}</UniqueIdentifier>
    </Filter>
    <Filter Include="src\platform">
      <UniqueIdentifier>{cc5fe9d0-d137-4224-8849-81bb74933a1f}</UniqueIdentifier>
    </Filter>
    <Filter Include="src\platform\visualc">
      <UniqueIdentifier>{f21cdf18-85a2-4afc-9bbd-aa6423b893de}</UniqueIdentifier>
    </Filter>
    <Filter Include="src\shell">
      <UniqueIdentifier>{d7f601fb-7919-4adc-8a23-cc5c8a14ff94}</UniqueIdentifier>
    </Filter>
    <Filter Include="src\midi">
      <UniqueIdentifier>{5920d562-013f-417e-8095-198288c97b52}</UniqueIdentifier>
    </Filter>
    <Filter Include="src\libs\residfp">
      <UniqueIdentifier>{e8ef008d-ceb9-4224-9b9e-b5b62933ca0d}</UniqueIdentifier>
    </Filter>
    <Filter Include="src\libs\loguru">
      <UniqueIdentifier>{61f19037-c60b-46ea-8d28-53fbf18dc6db}</UniqueIdentifier>
    </Filter>
    <Filter Include="src\libs\whereami">
      <UniqueIdentifier>{d1c1e098-73ca-4f3a-a2f7-e8186a52c4dc}</UniqueIdentifier>
    </Filter>
    <Filter Include="src\libs\ghc">
      <UniqueIdentifier>{9df2bcc2-35e3-4be4-a577-dff8be565c65}</UniqueIdentifier>
    </Filter>
  </ItemGroup>
</Project>
