Microsoft Visual Studio Solution File, Format Version 12.00
# Visual Studio Version 16
VisualStudioVersion = 16.0.29324.140
MinimumVisualStudioVersion = 10.0.40219.1
Project("{8BC9CEB8-8B4A-11D0-8D11-00A0C91BC942}") = "dosbox", "dosbox.vcxproj", "{7FCFFB9B-8629-4D51-849C-8490CECF8AB7}"
EndProject
Project("{8BC9CEB8-8B4A-11D0-8D11-00A0C91BC942}") = "zmbv", "..\src\libs\zmbv\zmbv.vcxproj", "{619CF3F9-C373-4BD5-93DA-025F5E16F8FA}"
EndProject
Global
	GlobalSection(SolutionConfigurationPlatforms) = preSolution
		Debug|x64 = Debug|x64
		Debug|x86 = Debug|x86
		Release|x64 = Release|x64
		Release|x86 = Release|x86
	EndGlobalSection
	GlobalSection(ProjectConfigurationPlatforms) = postSolution
		{7FCFFB9B-8629-4D51-849C-8490CECF8AB7}.Debug|x64.ActiveCfg = Debug|x64
		{7FCFFB9B-8629-4D51-849C-8490CECF8AB7}.Debug|x64.Build.0 = Debug|x64
		{7FCFFB9B-8629-4D51-849C-8490CECF8AB7}.Debug|x86.ActiveCfg = Debug|Win32
		{7FCFFB9B-8629-4D51-849C-8490CECF8AB7}.Debug|x86.Build.0 = Debug|Win32
		{7FCFFB9B-8629-4D51-849C-8490CECF8AB7}.Release|x64.ActiveCfg = Release|x64
		{7FCFFB9B-8629-4D51-849C-8490CECF8AB7}.Release|x64.Build.0 = Release|x64
		{7FCFFB9B-8629-4D51-849C-8490CECF8AB7}.Release|x86.ActiveCfg = Release|Win32
		{7FCFFB9B-8629-4D51-849C-8490CECF8AB7}.Release|x86.Build.0 = Release|Win32
		{619CF3F9-C373-4BD5-93DA-025F5E16F8FA}.Debug|x64.ActiveCfg = Debug|x64
		{619CF3F9-C373-4BD5-93DA-025F5E16F8FA}.Debug|x64.Build.0 = Debug|x64
		{619CF3F9-C373-4BD5-93DA-025F5E16F8FA}.Debug|x86.ActiveCfg = Debug|Win32
		{619CF3F9-C373-4BD5-93DA-025F5E16F8FA}.Debug|x86.Build.0 = Debug|Win32
		{619CF3F9-C373-4BD5-93DA-025F5E16F8FA}.Release|x64.ActiveCfg = Release|x64
		{619CF3F9-C373-4BD5-93DA-025F5E16F8FA}.Release|x64.Build.0 = Release|x64
		{619CF3F9-C373-4BD5-93DA-025F5E16F8FA}.Release|x86.ActiveCfg = Release|Win32
		{619CF3F9-C373-4BD5-93DA-025F5E16F8FA}.Release|x86.Build.0 = Release|Win32
	EndGlobalSection
	GlobalSection(SolutionProperties) = preSolution
		HideSolutionNode = FALSE
	EndGlobalSection
	GlobalSection(ExtensibilityGlobals) = postSolution
		SolutionGuid = {1EA069D9-1083-4929-A0BE-3AEB891D8BA2}
	EndGlobalSection
EndGlobal
